{
  "name": "modules-for-run-time",
  "version": "1.0.0",
  "lockfileVersion": 3,
  "requires": true,
  "packages": {
    "": {
      "name": "modules-for-run-time",
      "version": "1.0.0",
      "license": "ISC",
      "dependencies": {
        "@infisical/sdk": "^2.1.9",
        "commander": "^12.1.0",
        "dotenv": "^16.4.5",
        "otplib": "^12.0.1",
        "redis": "^4.6.14"
      }
    },
    "node_modules/@infisical/sdk": {
      "version": "2.1.9",
      "resolved": "https://registry.npmjs.org/@infisical/sdk/-/sdk-2.1.9.tgz",
      "integrity": "sha512-Ds6W4huyjiEnDisf2UJyVugTpCapjHB4RvL69hSCi/raH7NKITff1R+ifWktQJ1cx7hFAE9wi+U0vRrW+WhUMA==",
      "engines": {
        "node": ">= 10"
      },
      "optionalDependencies": {
        "@infisical/sdk-android-arm-eabi": "2.1.9",
        "@infisical/sdk-android-arm64": "2.1.9",
        "@infisical/sdk-darwin-arm64": "2.1.9",
        "@infisical/sdk-darwin-x64": "2.1.9",
        "@infisical/sdk-linux-arm-gnueabihf": "2.1.9",
        "@infisical/sdk-linux-arm64-gnu": "2.1.9",
        "@infisical/sdk-linux-arm64-musl": "2.1.9",
        "@infisical/sdk-linux-x64-gnu": "2.1.9",
        "@infisical/sdk-linux-x64-musl": "2.1.9",
        "@infisical/sdk-win32-arm64-msvc": "2.1.9",
        "@infisical/sdk-win32-ia32-msvc": "2.1.9",
        "@infisical/sdk-win32-x64-msvc": "2.1.9"
      }
    },
    "node_modules/@infisical/sdk-android-arm-eabi": {
      "version": "2.1.9",
      "resolved": "https://registry.npmjs.org/@infisical/sdk-android-arm-eabi/-/sdk-android-arm-eabi-2.1.9.tgz",
      "integrity": "sha512-tx0y9efMOmqxdw152BjAxpDcKhlURKftg20aAGUwHxgHaHtqJ1jHaZZ1B3Eo019NB+tDc/ynU1TpjIRKh28kxw==",
      "cpu": [
        "arm"
      ],
      "optional": true,
      "os": [
        "android"
      ],
      "engines": {
        "node": ">= 10"
      }
    },
    "node_modules/@infisical/sdk-android-arm64": {
      "version": "2.1.9",
      "resolved": "https://registry.npmjs.org/@infisical/sdk-android-arm64/-/sdk-android-arm64-2.1.9.tgz",
      "integrity": "sha512-kheXrht4rvEb6F7t9Xu821Pdm6ddzvB51NZjSiyIRwRDqv63HJEYr+MEd7ynIgux0JuMPQZIxmsyRZ5p/NDuFw==",
      "cpu": [
        "arm64"
      ],
      "optional": true,
      "os": [
        "android"
      ],
      "engines": {
        "node": ">= 10"
      }
    },
    "node_modules/@infisical/sdk-darwin-arm64": {
      "version": "2.1.9",
      "resolved": "https://registry.npmjs.org/@infisical/sdk-darwin-arm64/-/sdk-darwin-arm64-2.1.9.tgz",
      "integrity": "sha512-qjsg67AKZYpjqG2DzJ/OAr+9thDT0YJg49ULknoBO+yaa6fT7PFRy682yRqnbJjg7vxRObXAyWcXSYjls+D4Lw==",
      "cpu": [
        "arm64"
      ],
      "optional": true,
      "os": [
        "darwin"
      ],
      "engines": {
        "node": ">= 10"
      }
    },
    "node_modules/@infisical/sdk-darwin-x64": {
      "version": "2.1.9",
      "resolved": "https://registry.npmjs.org/@infisical/sdk-darwin-x64/-/sdk-darwin-x64-2.1.9.tgz",
      "integrity": "sha512-ErvwcR095VFIzCrXFyOCuED1jWltpX7S1et6WySdTsA811hLp6Txy/S57YNeGLJu/birVwrJdYbksVWdd+bqkQ==",
      "cpu": [
        "x64"
      ],
      "optional": true,
      "os": [
        "darwin"
      ],
      "engines": {
        "node": ">= 10"
      }
    },
    "node_modules/@infisical/sdk-linux-arm-gnueabihf": {
      "version": "2.1.9",
      "resolved": "https://registry.npmjs.org/@infisical/sdk-linux-arm-gnueabihf/-/sdk-linux-arm-gnueabihf-2.1.9.tgz",
      "integrity": "sha512-2w0EVQc1Xq7ZE6nDsMwBVkaUwTuL0DIdwWdqxVZjo8jn26jwlhSOStxtbrk/cnhtWMQysQ/xKUI+0zZ/T32T3g==",
      "cpu": [
        "arm"
      ],
      "optional": true,
      "os": [
        "linux"
      ],
      "engines": {
        "node": ">= 10"
      }
    },
    "node_modules/@infisical/sdk-linux-arm64-gnu": {
      "version": "2.1.9",
      "resolved": "https://registry.npmjs.org/@infisical/sdk-linux-arm64-gnu/-/sdk-linux-arm64-gnu-2.1.9.tgz",
      "integrity": "sha512-5DMG5CJxX/wlWDyG3+cy1UkZAYuqt1OOEWwx3GNLU656RQ47AzwDFkvyiT9lalIihPHJFDN55hhSb002ru/zPw==",
      "cpu": [
        "arm64"
      ],
      "optional": true,
      "os": [
        "linux"
      ],
      "engines": {
        "node": ">= 10"
      }
    },
    "node_modules/@infisical/sdk-linux-arm64-musl": {
      "version": "2.1.9",
      "resolved": "https://registry.npmjs.org/@infisical/sdk-linux-arm64-musl/-/sdk-linux-arm64-musl-2.1.9.tgz",
      "integrity": "sha512-61oxqGh9Ih/d7igtduKS2ZjkZ4NU7PjcNDgK8IUwP6kruTQdOEAiNyAWChDx75zvJExvztjdpeczj62SHxmsRw==",
      "cpu": [
        "arm64"
      ],
      "optional": true,
      "os": [
        "linux"
      ],
      "engines": {
        "node": ">= 10"
      }
    },
    "node_modules/@infisical/sdk-linux-x64-gnu": {
      "version": "2.1.9",
      "resolved": "https://registry.npmjs.org/@infisical/sdk-linux-x64-gnu/-/sdk-linux-x64-gnu-2.1.9.tgz",
      "integrity": "sha512-X38Z4Q+GT0QU8nbRuWl3zyBv06Rfz1aWpewopxL3jahbKGoV8DaITDIaagVhwFl6YV5mMOLzXis5XrIMBJ6tLw==",
      "cpu": [
        "x64"
      ],
      "optional": true,
      "os": [
        "linux"
      ],
      "engines": {
        "node": ">= 10"
      }
    },
    "node_modules/@infisical/sdk-linux-x64-musl": {
      "version": "2.1.9",
      "resolved": "https://registry.npmjs.org/@infisical/sdk-linux-x64-musl/-/sdk-linux-x64-musl-2.1.9.tgz",
      "integrity": "sha512-8RuL3MNSr2G/Xo79kdKHddxlprVOn4VmCbNG7K2VoY/ytUCGy8bCp5BrkdZOIr1jGm7GlD8eq1dXQkHa3Rn0og==",
      "cpu": [
        "x64"
      ],
      "optional": true,
      "os": [
        "linux"
      ],
      "engines": {
        "node": ">= 10"
      }
    },
    "node_modules/@infisical/sdk-win32-arm64-msvc": {
      "version": "2.1.9",
      "resolved": "https://registry.npmjs.org/@infisical/sdk-win32-arm64-msvc/-/sdk-win32-arm64-msvc-2.1.9.tgz",
      "integrity": "sha512-IUnFDIUFXFRUJ0B/wM32xGWu6Xz4w7GAw+75g9AYv1Ol+LtpbzoDcToh0IUFPsNpvIaOUZn1zxUUWsteWlAy3Q==",
      "cpu": [
        "arm64"
      ],
      "optional": true,
      "os": [
        "win32"
      ],
      "engines": {
        "node": ">= 10"
      }
    },
    "node_modules/@infisical/sdk-win32-ia32-msvc": {
      "version": "2.1.9",
      "resolved": "https://registry.npmjs.org/@infisical/sdk-win32-ia32-msvc/-/sdk-win32-ia32-msvc-2.1.9.tgz",
      "integrity": "sha512-pDMpuP6X3GTSjzeahvCAscA0GBEkpMic0rwY+FdAmDcAX5SKoZ1pbRvcrMpAd4HMxfyLGeISuvzZ6pdMAowG5g==",
      "cpu": [
        "ia32"
      ],
      "optional": true,
      "os": [
        "win32"
      ],
      "engines": {
        "node": ">= 10"
      }
    },
    "node_modules/@infisical/sdk-win32-x64-msvc": {
      "version": "2.1.9",
      "resolved": "https://registry.npmjs.org/@infisical/sdk-win32-x64-msvc/-/sdk-win32-x64-msvc-2.1.9.tgz",
      "integrity": "sha512-nrIfVPZPTJX85+8PZmZoA/Sk8rKpORzsYUTZ3zyqdfKAzQCpl587JXWCa5hud0ZWRw8SZuBYY06f9b75N+enyA==",
      "cpu": [
        "x64"
      ],
      "optional": true,
      "os": [
        "win32"
      ],
      "engines": {
        "node": ">= 10"
      }
    },
    "node_modules/@otplib/core": {
      "version": "12.0.1",
      "resolved": "https://registry.npmjs.org/@otplib/core/-/core-12.0.1.tgz",
      "integrity": "sha512-4sGntwbA/AC+SbPhbsziRiD+jNDdIzsZ3JUyfZwjtKyc/wufl1pnSIaG4Uqx8ymPagujub0o92kgBnB89cuAMA=="
    },
    "node_modules/@otplib/plugin-crypto": {
      "version": "12.0.1",
      "resolved": "https://registry.npmjs.org/@otplib/plugin-crypto/-/plugin-crypto-12.0.1.tgz",
      "integrity": "sha512-qPuhN3QrT7ZZLcLCyKOSNhuijUi9G5guMRVrxq63r9YNOxxQjPm59gVxLM+7xGnHnM6cimY57tuKsjK7y9LM1g==",
      "dependencies": {
        "@otplib/core": "^12.0.1"
      }
    },
    "node_modules/@otplib/plugin-thirty-two": {
      "version": "12.0.1",
      "resolved": "https://registry.npmjs.org/@otplib/plugin-thirty-two/-/plugin-thirty-two-12.0.1.tgz",
      "integrity": "sha512-MtT+uqRso909UkbrrYpJ6XFjj9D+x2Py7KjTO9JDPhL0bJUYVu5kFP4TFZW4NFAywrAtFRxOVY261u0qwb93gA==",
      "dependencies": {
        "@otplib/core": "^12.0.1",
        "thirty-two": "^1.0.2"
      }
    },
    "node_modules/@otplib/preset-default": {
      "version": "12.0.1",
      "resolved": "https://registry.npmjs.org/@otplib/preset-default/-/preset-default-12.0.1.tgz",
      "integrity": "sha512-xf1v9oOJRyXfluBhMdpOkr+bsE+Irt+0D5uHtvg6x1eosfmHCsCC6ej/m7FXiWqdo0+ZUI6xSKDhJwc8yfiOPQ==",
      "dependencies": {
        "@otplib/core": "^12.0.1",
        "@otplib/plugin-crypto": "^12.0.1",
        "@otplib/plugin-thirty-two": "^12.0.1"
      }
    },
    "node_modules/@otplib/preset-v11": {
      "version": "12.0.1",
      "resolved": "https://registry.npmjs.org/@otplib/preset-v11/-/preset-v11-12.0.1.tgz",
      "integrity": "sha512-9hSetMI7ECqbFiKICrNa4w70deTUfArtwXykPUvSHWOdzOlfa9ajglu7mNCntlvxycTiOAXkQGwjQCzzDEMRMg==",
      "dependencies": {
        "@otplib/core": "^12.0.1",
        "@otplib/plugin-crypto": "^12.0.1",
        "@otplib/plugin-thirty-two": "^12.0.1"
      }
    },
    "node_modules/@redis/bloom": {
      "version": "1.2.0",
      "resolved": "https://registry.npmjs.org/@redis/bloom/-/bloom-1.2.0.tgz",
      "integrity": "sha512-HG2DFjYKbpNmVXsa0keLHp/3leGJz1mjh09f2RLGGLQZzSHpkmZWuwJbAvo3QcRY8p80m5+ZdXZdYOSBLlp7Cg==",
      "peerDependencies": {
        "@redis/client": "^1.0.0"
      }
    },
    "node_modules/@redis/client": {
      "version": "1.5.16",
      "resolved": "https://registry.npmjs.org/@redis/client/-/client-1.5.16.tgz",
      "integrity": "sha512-X1a3xQ5kEMvTib5fBrHKh6Y+pXbeKXqziYuxOUo1ojQNECg4M5Etd1qqyhMap+lFUOAh8S7UYevgJHOm4A+NOg==",
      "dependencies": {
        "cluster-key-slot": "1.1.2",
        "generic-pool": "3.9.0",
        "yallist": "4.0.0"
      },
      "engines": {
        "node": ">=14"
      }
    },
    "node_modules/@redis/graph": {
      "version": "1.1.1",
      "resolved": "https://registry.npmjs.org/@redis/graph/-/graph-1.1.1.tgz",
      "integrity": "sha512-FEMTcTHZozZciLRl6GiiIB4zGm5z5F3F6a6FZCyrfxdKOhFlGkiAqlexWMBzCi4DcRoyiOsuLfW+cjlGWyExOw==",
      "peerDependencies": {
        "@redis/client": "^1.0.0"
      }
    },
    "node_modules/@redis/json": {
      "version": "1.0.6",
      "resolved": "https://registry.npmjs.org/@redis/json/-/json-1.0.6.tgz",
      "integrity": "sha512-rcZO3bfQbm2zPRpqo82XbW8zg4G/w4W3tI7X8Mqleq9goQjAGLL7q/1n1ZX4dXEAmORVZ4s1+uKLaUOg7LrUhw==",
      "peerDependencies": {
        "@redis/client": "^1.0.0"
      }
    },
    "node_modules/@redis/search": {
      "version": "1.1.6",
      "resolved": "https://registry.npmjs.org/@redis/search/-/search-1.1.6.tgz",
      "integrity": "sha512-mZXCxbTYKBQ3M2lZnEddwEAks0Kc7nauire8q20oA0oA/LoA+E/b5Y5KZn232ztPb1FkIGqo12vh3Lf+Vw5iTw==",
      "peerDependencies": {
        "@redis/client": "^1.0.0"
      }
    },
    "node_modules/@redis/time-series": {
      "version": "1.0.5",
      "resolved": "https://registry.npmjs.org/@redis/time-series/-/time-series-1.0.5.tgz",
      "integrity": "sha512-IFjIgTusQym2B5IZJG3XKr5llka7ey84fw/NOYqESP5WUfQs9zz1ww/9+qoz4ka/S6KcGBodzlCeZ5UImKbscg==",
      "peerDependencies": {
        "@redis/client": "^1.0.0"
      }
    },
    "node_modules/cluster-key-slot": {
      "version": "1.1.2",
      "resolved": "https://registry.npmjs.org/cluster-key-slot/-/cluster-key-slot-1.1.2.tgz",
      "integrity": "sha512-RMr0FhtfXemyinomL4hrWcYJxmX6deFdCxpJzhDttxgO1+bcCnkk+9drydLVDmAMG7NE6aN/fl4F7ucU/90gAA==",
      "engines": {
        "node": ">=0.10.0"
      }
    },
    "node_modules/commander": {
      "version": "12.1.0",
      "resolved": "https://registry.npmjs.org/commander/-/commander-12.1.0.tgz",
      "integrity": "sha512-Vw8qHK3bZM9y/P10u3Vib8o/DdkvA2OtPtZvD871QKjy74Wj1WSKFILMPRPSdUSx5RFK1arlJzEtA4PkFgnbuA==",
      "engines": {
        "node": ">=18"
      }
    },
    "node_modules/dotenv": {
      "version": "16.4.5",
      "resolved": "https://registry.npmjs.org/dotenv/-/dotenv-16.4.5.tgz",
      "integrity": "sha512-ZmdL2rui+eB2YwhsWzjInR8LldtZHGDoQ1ugH85ppHKwpUHL7j7rN0Ti9NCnGiQbhaZ11FpR+7ao1dNsmduNUg==",
      "engines": {
        "node": ">=12"
      },
      "funding": {
        "url": "https://dotenvx.com"
      }
    },
    "node_modules/generic-pool": {
      "version": "3.9.0",
      "resolved": "https://registry.npmjs.org/generic-pool/-/generic-pool-3.9.0.tgz",
      "integrity": "sha512-hymDOu5B53XvN4QT9dBmZxPX4CWhBPPLguTZ9MMFeFa/Kg0xWVfylOVNlJji/E7yTZWFd/q9GO5TxDLq156D7g==",
      "engines": {
        "node": ">= 4"
      }
    },
    "node_modules/otplib": {
      "version": "12.0.1",
      "resolved": "https://registry.npmjs.org/otplib/-/otplib-12.0.1.tgz",
      "integrity": "sha512-xDGvUOQjop7RDgxTQ+o4pOol0/3xSZzawTiPKRrHnQWAy0WjhNs/5HdIDJCrqC4MBynmjXgULc6YfioaxZeFgg==",
      "dependencies": {
        "@otplib/core": "^12.0.1",
        "@otplib/preset-default": "^12.0.1",
        "@otplib/preset-v11": "^12.0.1"
      }
    },
    "node_modules/redis": {
      "version": "4.6.14",
      "resolved": "https://registry.npmjs.org/redis/-/redis-4.6.14.tgz",
      "integrity": "sha512-GrNg/e33HtsQwNXL7kJT+iNFPSwE1IPmd7wzV3j4f2z0EYxZfZE7FVTmUysgAtqQQtg5NXF5SNLR9OdO/UHOfw==",
      "dependencies": {
        "@redis/bloom": "1.2.0",
        "@redis/client": "1.5.16",
        "@redis/graph": "1.1.1",
        "@redis/json": "1.0.6",
        "@redis/search": "1.1.6",
        "@redis/time-series": "1.0.5"
      }
    },
    "node_modules/thirty-two": {
      "version": "1.0.2",
      "resolved": "https://registry.npmjs.org/thirty-two/-/thirty-two-1.0.2.tgz",
      "integrity": "sha512-OEI0IWCe+Dw46019YLl6V10Us5bi574EvlJEOcAkB29IzQ/mYD1A6RyNHLjZPiHCmuodxvgF6U+vZO1L15lxVA==",
      "engines": {
        "node": ">=0.2.6"
      }
    },
    "node_modules/yallist": {
      "version": "4.0.0",
      "resolved": "https://registry.npmjs.org/yallist/-/yallist-4.0.0.tgz",
      "integrity": "sha512-3wdGidZyq5PB084XLES5TpOSRA3wjXAlIWMhum2kRcv/41Sn2emQ0dycQW4uZXLejwKvg6EsvbdlVL+FYEct7A=="
    }
  }
}
